
Microsoft Visual Studio Solution File, Format Version 12.00
# Visual Studio 15
VisualStudioVersion = 15.0.28010.2041
MinimumVisualStudioVersion = 10.0.40219.1
Project("{FAE04EC0-301F-11D3-BF4B-00C04F79EFBC}") = "TestBth", "TestBth\TestBth.csproj", "{56DD5976-CB11-492B-BB0F-37ECBB2B87D2}"
EndProject
Project("{FAE04EC0-301F-11D3-BF4B-00C04F79EFBC}") = "TestBth.Droid", "Droid\TestBth.Droid.csproj", "{FDE9C3D5-926F-4E79-B2AA-A893A20FD33D}"
EndProject
Global
	GlobalSection(SolutionConfigurationPlatforms) = preSolution
		Debug|Any CPU = Debug|Any CPU
		Debug|iPhone = Debug|iPhone
		Debug|iPhoneSimulator = Debug|iPhoneSimulator
		Release|Any CPU = Release|Any CPU
		Release|iPhone = Release|iPhone
		Release|iPhoneSimulator = Release|iPhoneSimulator
	EndGlobalSection
	GlobalSection(ProjectConfigurationPlatforms) = postSolution
		{56DD5976-CB11-492B-BB0F-37ECBB2B87D2}.Debug|Any CPU.ActiveCfg = Debug|Any CPU
		{56DD5976-CB11-492B-BB0F-37ECBB2B87D2}.Debug|Any CPU.Build.0 = Debug|Any CPU
		{56DD5976-CB11-492B-BB0F-37ECBB2B87D2}.Debug|iPhone.ActiveCfg = Debug|Any CPU
		{56DD5976-CB11-492B-BB0F-37ECBB2B87D2}.Debug|iPhone.Build.0 = Debug|Any CPU
		{56DD5976-CB11-492B-BB0F-37ECBB2B87D2}.Debug|iPhoneSimulator.ActiveCfg = Debug|Any CPU
		{56DD5976-CB11-492B-BB0F-37ECBB2B87D2}.Debug|iPhoneSimulator.Build.0 = Debug|Any CPU
		{56DD5976-CB11-492B-BB0F-37ECBB2B87D2}.Release|Any CPU.ActiveCfg = Release|Any CPU
		{56DD5976-CB11-492B-BB0F-37ECBB2B87D2}.Release|Any CPU.Build.0 = Release|Any CPU
		{56DD5976-CB11-492B-BB0F-37ECBB2B87D2}.Release|iPhone.ActiveCfg = Release|Any CPU
		{56DD5976-CB11-492B-BB0F-37ECBB2B87D2}.Release|iPhone.Build.0 = Release|Any CPU
		{56DD5976-CB11-492B-BB0F-37ECBB2B87D2}.Release|iPhoneSimulator.ActiveCfg = Release|Any CPU
		{56DD5976-CB11-492B-BB0F-37ECBB2B87D2}.Release|iPhoneSimulator.Build.0 = Release|Any CPU
		{FDE9C3D5-926F-4E79-B2AA-A893A20FD33D}.Debug|Any CPU.ActiveCfg = Debug|Any CPU
		{FDE9C3D5-926F-4E79-B2AA-A893A20FD33D}.Debug|Any CPU.Build.0 = Debug|Any CPU
		{FDE9C3D5-926F-4E79-B2AA-A893A20FD33D}.Debug|Any CPU.Deploy.0 = Debug|Any CPU
		{FDE9C3D5-926F-4E79-B2AA-A893A20FD33D}.Debug|iPhone.ActiveCfg = Debug|Any CPU
		{FDE9C3D5-926F-4E79-B2AA-A893A20FD33D}.Debug|iPhone.Build.0 = Debug|Any CPU
		{FDE9C3D5-926F-4E79-B2AA-A893A20FD33D}.Debug|iPhoneSimulator.ActiveCfg = Debug|Any CPU
		{FDE9C3D5-926F-4E79-B2AA-A893A20FD33D}.Debug|iPhoneSimulator.Build.0 = Debug|Any CPU
		{FDE9C3D5-926F-4E79-B2AA-A893A20FD33D}.Release|Any CPU.ActiveCfg = Release|Any CPU
		{FDE9C3D5-926F-4E79-B2AA-A893A20FD33D}.Release|Any CPU.Build.0 = Release|Any CPU
		{FDE9C3D5-926F-4E79-B2AA-A893A20FD33D}.Release|iPhone.ActiveCfg = Release|Any CPU
		{FDE9C3D5-926F-4E79-B2AA-A893A20FD33D}.Release|iPhone.Build.0 = Release|Any CPU
		{FDE9C3D5-926F-4E79-B2AA-A893A20FD33D}.Release|iPhoneSimulator.ActiveCfg = Release|Any CPU
		{FDE9C3D5-926F-4E79-B2AA-A893A20FD33D}.Release|iPhoneSimulator.Build.0 = Release|Any CPU
	EndGlobalSection
	GlobalSection(SolutionProperties) = preSolution
		HideSolutionNode = FALSE
	EndGlobalSection
	GlobalSection(ExtensibilityGlobals) = postSolution
		SolutionGuid = {A88BB951-2E00-4C03-93FC-DBF5CD805C8B}
	EndGlobalSection
EndGlobal
